// !$*UTF8*$!
{
	archiveVersion = 1;
	classes = {
	};
	objectVersion = 55;
	objects = {

/* Begin PBXBuildFile section */
		00F596002819993200C3D2C5 /* AppDelegate.swift in Sources */ = {isa = PBXBuildFile; fileRef = 00F595FF2819993200C3D2C5 /* AppDelegate.swift */; };
		00F596022819993200C3D2C5 /* SceneDelegate.swift in Sources */ = {isa = PBXBuildFile; fileRef = 00F596012819993200C3D2C5 /* SceneDelegate.swift */; };
		00F596042819993200C3D2C5 /* ViewController.swift in Sources */ = {isa = PBXBuildFile; fileRef = 00F596032819993200C3D2C5 /* ViewController.swift */; };
		00F596072819993200C3D2C5 /* Main.storyboard in Resources */ = {isa = PBXBuildFile; fileRef = 00F596052819993200C3D2C5 /* Main.storyboard */; };
		00F596092819993300C3D2C5 /* Assets.xcassets in Resources */ = {isa = PBXBuildFile; fileRef = 00F596082819993300C3D2C5 /* Assets.xcassets */; };
		00F5960C2819993300C3D2C5 /* LaunchScreen.storyboard in Resources */ = {isa = PBXBuildFile; fileRef = 00F5960A2819993300C3D2C5 /* LaunchScreen.storyboard */; };
		00F596172819993300C3D2C5 /* Mealert___NC1Tests.swift in Sources */ = {isa = PBXBuildFile; fileRef = 00F596162819993300C3D2C5 /* Mealert___NC1Tests.swift */; };
		00F596212819993300C3D2C5 /* Mealert___NC1UITests.swift in Sources */ = {isa = PBXBuildFile; fileRef = 00F596202819993300C3D2C5 /* Mealert___NC1UITests.swift */; };
		00F596232819993300C3D2C5 /* Mealert___NC1UITestsLaunchTests.swift in Sources */ = {isa = PBXBuildFile; fileRef = 00F596222819993300C3D2C5 /* Mealert___NC1UITestsLaunchTests.swift */; };
/* End PBXBuildFile section */

/* Begin PBXContainerItemProxy section */
		00F596132819993300C3D2C5 /* PBXContainerItemProxy */ = {
			isa = PBXContainerItemProxy;
			containerPortal = 00F595F42819993200C3D2C5 /* Project object */;
			proxyType = 1;
			remoteGlobalIDString = 00F595FB2819993200C3D2C5;
			remoteInfo = "Mealert - NC1";
		};
		00F5961D2819993300C3D2C5 /* PBXContainerItemProxy */ = {
			isa = PBXContainerItemProxy;
			containerPortal = 00F595F42819993200C3D2C5 /* Project object */;
			proxyType = 1;
			remoteGlobalIDString = 00F595FB2819993200C3D2C5;
			remoteInfo = "Mealert - NC1";
		};
/* End PBXContainerItemProxy section */

/* Begin PBXFileReference section */
		00F595FC2819993200C3D2C5 /* Mealert - NC1.app */ = {isa = PBXFileReference; explicitFileType = wrapper.application; includeInIndex = 0; path = "Mealert - NC1.app"; sourceTree = BUILT_PRODUCTS_DIR; };
		00F595FF2819993200C3D2C5 /* AppDelegate.swift */ = {isa = PBXFileReference; lastKnownFileType = sourcecode.swift; path = AppDelegate.swift; sourceTree = "<group>"; };
		00F596012819993200C3D2C5 /* SceneDelegate.swift */ = {isa = PBXFileReference; lastKnownFileType = sourcecode.swift; path = SceneDelegate.swift; sourceTree = "<group>"; };
		00F596032819993200C3D2C5 /* ViewController.swift */ = {isa = PBXFileReference; lastKnownFileType = sourcecode.swift; path = ViewController.swift; sourceTree = "<group>"; };
		00F596062819993200C3D2C5 /* Base */ = {isa = PBXFileReference; lastKnownFileType = file.storyboard; name = Base; path = Base.lproj/Main.storyboard; sourceTree = "<group>"; };
		00F596082819993300C3D2C5 /* Assets.xcassets */ = {isa = PBXFileReference; lastKnownFileType = folder.assetcatalog; path = Assets.xcassets; sourceTree = "<group>"; };
		00F5960B2819993300C3D2C5 /* Base */ = {isa = PBXFileReference; lastKnownFileType = file.storyboard; name = Base; path = Base.lproj/LaunchScreen.storyboard; sourceTree = "<group>"; };
		00F5960D2819993300C3D2C5 /* Info.plist */ = {isa = PBXFileReference; lastKnownFileType = text.plist.xml; path = Info.plist; sourceTree = "<group>"; };
		00F596122819993300C3D2C5 /* Mealert - NC1Tests.xctest */ = {isa = PBXFileReference; explicitFileType = wrapper.cfbundle; includeInIndex = 0; path = "Mealert - NC1Tests.xctest"; sourceTree = BUILT_PRODUCTS_DIR; };
		00F596162819993300C3D2C5 /* Mealert___NC1Tests.swift */ = {isa = PBXFileReference; lastKnownFileType = sourcecode.swift; path = "Mealert___NC1Tests.swift"; sourceTree = "<group>"; };
		00F5961C2819993300C3D2C5 /* Mealert - NC1UITests.xctest */ = {isa = PBXFileReference; explicitFileType = wrapper.cfbundle; includeInIndex = 0; path = "Mealert - NC1UITests.xctest"; sourceTree = BUILT_PRODUCTS_DIR; };
		00F596202819993300C3D2C5 /* Mealert___NC1UITests.swift */ = {isa = PBXFileReference; lastKnownFileType = sourcecode.swift; path = "Mealert___NC1UITests.swift"; sourceTree = "<group>"; };
		00F596222819993300C3D2C5 /* Mealert___NC1UITestsLaunchTests.swift */ = {isa = PBXFileReference; lastKnownFileType = sourcecode.swift; path = "Mealert___NC1UITestsLaunchTests.swift"; sourceTree = "<group>"; };
/* End PBXFileReference section */

/* Begin PBXFrameworksBuildPhase section */
		00F595F92819993200C3D2C5 /* Frameworks */ = {
			isa = PBXFrameworksBuildPhase;
			buildActionMask = 2147483647;
			files = (
			);
			runOnlyForDeploymentPostprocessing = 0;
		};
		00F5960F2819993300C3D2C5 /* Frameworks */ = {
			isa = PBXFrameworksBuildPhase;
			buildActionMask = 2147483647;
			files = (
			);
			runOnlyForDeploymentPostprocessing = 0;
		};
		00F596192819993300C3D2C5 /* Frameworks */ = {
			isa = PBXFrameworksBuildPhase;
			buildActionMask = 2147483647;
			files = (
			);
			runOnlyForDeploymentPostprocessing = 0;
		};
/* End PBXFrameworksBuildPhase section */

/* Begin PBXGroup section */
		00F595F32819993200C3D2C5 = {
			isa = PBXGroup;
			children = (
				00F595FE2819993200C3D2C5 /* Mealert - NC1 */,
				00F596152819993300C3D2C5 /* Mealert - NC1Tests */,
				00F5961F2819993300C3D2C5 /* Mealert - NC1UITests */,
				00F595FD2819993200C3D2C5 /* Products */,
			);
			sourceTree = "<group>";
		};
		00F595FD2819993200C3D2C5 /* Products */ = {
			isa = PBXGroup;
			children = (
				00F595FC2819993200C3D2C5 /* Mealert - NC1.app */,
				00F596122819993300C3D2C5 /* Mealert - NC1Tests.xctest */,
				00F5961C2819993300C3D2C5 /* Mealert - NC1UITests.xctest */,
			);
			name = Products;
			sourceTree = "<group>";
		};
		00F595FE2819993200C3D2C5 /* Mealert - NC1 */ = {
			isa = PBXGroup;
			children = (
				00F595FF2819993200C3D2C5 /* AppDelegate.swift */,
				00F596012819993200C3D2C5 /* SceneDelegate.swift */,
				00F596032819993200C3D2C5 /* ViewController.swift */,
				00F596052819993200C3D2C5 /* Main.storyboard */,
				00F596082819993300C3D2C5 /* Assets.xcassets */,
				00F5960A2819993300C3D2C5 /* LaunchScreen.storyboard */,
				00F5960D2819993300C3D2C5 /* Info.plist */,
			);
			path = "Mealert - NC1";
			sourceTree = "<group>";
		};
		00F596152819993300C3D2C5 /* Mealert - NC1Tests */ = {
			isa = PBXGroup;
			children = (
				00F596162819993300C3D2C5 /* Mealert___NC1Tests.swift */,
			);
			path = "Mealert - NC1Tests";
			sourceTree = "<group>";
		};
		00F5961F2819993300C3D2C5 /* Mealert - NC1UITests */ = {
			isa = PBXGroup;
			children = (
				00F596202819993300C3D2C5 /* Mealert___NC1UITests.swift */,
				00F596222819993300C3D2C5 /* Mealert___NC1UITestsLaunchTests.swift */,
			);
			path = "Mealert - NC1UITests";
			sourceTree = "<group>";
		};
/* End PBXGroup section */

/* Begin PBXNativeTarget section */
		00F595FB2819993200C3D2C5 /* Mealert - NC1 */ = {
			isa = PBXNativeTarget;
			buildConfigurationList = 00F596262819993300C3D2C5 /* Build configuration list for PBXNativeTarget "Mealert - NC1" */;
			buildPhases = (
				00F595F82819993200C3D2C5 /* Sources */,
				00F595F92819993200C3D2C5 /* Frameworks */,
				00F595FA2819993200C3D2C5 /* Resources */,
			);
			buildRules = (
			);
			dependencies = (
			);
			name = "Mealert - NC1";
			productName = "Mealert - NC1";
			productReference = 00F595FC2819993200C3D2C5 /* Mealert - NC1.app */;
			productType = "com.apple.product-type.application";
		};
		00F596112819993300C3D2C5 /* Mealert - NC1Tests */ = {
			isa = PBXNativeTarget;
			buildConfigurationList = 00F596292819993300C3D2C5 /* Build configuration list for PBXNativeTarget "Mealert - NC1Tests" */;
			buildPhases = (
				00F5960E2819993300C3D2C5 /* Sources */,
				00F5960F2819993300C3D2C5 /* Frameworks */,
				00F596102819993300C3D2C5 /* Resources */,
			);
			buildRules = (
			);
			dependencies = (
				00F596142819993300C3D2C5 /* PBXTargetDependency */,
			);
			name = "Mealert - NC1Tests";
			productName = "Mealert - NC1Tests";
			productReference = 00F596122819993300C3D2C5 /* Mealert - NC1Tests.xctest */;
			productType = "com.apple.product-type.bundle.unit-test";
		};
		00F5961B2819993300C3D2C5 /* Mealert - NC1UITests */ = {
			isa = PBXNativeTarget;
			buildConfigurationList = 00F5962C2819993300C3D2C5 /* Build configuration list for PBXNativeTarget "Mealert - NC1UITests" */;
			buildPhases = (
				00F596182819993300C3D2C5 /* Sources */,
				00F596192819993300C3D2C5 /* Frameworks */,
				00F5961A2819993300C3D2C5 /* Resources */,
			);
			buildRules = (
			);
			dependencies = (
				00F5961E2819993300C3D2C5 /* PBXTargetDependency */,
			);
			name = "Mealert - NC1UITests";
			productName = "Mealert - NC1UITests";
			productReference = 00F5961C2819993300C3D2C5 /* Mealert - NC1UITests.xctest */;
			productType = "com.apple.product-type.bundle.ui-testing";
		};
/* End PBXNativeTarget section */

/* Begin PBXProject section */
		00F595F42819993200C3D2C5 /* Project object */ = {
			isa = PBXProject;
			attributes = {
				BuildIndependentTargetsInParallel = 1;
				LastSwiftUpdateCheck = 1330;
				LastUpgradeCheck = 1330;
				TargetAttributes = {
					00F595FB2819993200C3D2C5 = {
						CreatedOnToolsVersion = 13.3;
					};
					00F596112819993300C3D2C5 = {
						CreatedOnToolsVersion = 13.3;
						TestTargetID = 00F595FB2819993200C3D2C5;
					};
					00F5961B2819993300C3D2C5 = {
						CreatedOnToolsVersion = 13.3;
						TestTargetID = 00F595FB2819993200C3D2C5;
					};
				};
			};
			buildConfigurationList = 00F595F72819993200C3D2C5 /* Build configuration list for PBXProject "Mealert - NC1" */;
			compatibilityVersion = "Xcode 13.0";
			developmentRegion = en;
			hasScannedForEncodings = 0;
			knownRegions = (
				en,
				Base,
			);
			mainGroup = 00F595F32819993200C3D2C5;
			productRefGroup = 00F595FD2819993200C3D2C5 /* Products */;
			projectDirPath = "";
			projectRoot = "";
			targets = (
				00F595FB2819993200C3D2C5 /* Mealert - NC1 */,
				00F596112819993300C3D2C5 /* Mealert - NC1Tests */,
				00F5961B2819993300C3D2C5 /* Mealert - NC1UITests */,
			);
		};
/* End PBXProject section */

/* Begin PBXResourcesBuildPhase section */
		00F595FA2819993200C3D2C5 /* Resources */ = {
			isa = PBXResourcesBuildPhase;
			buildActionMask = 2147483647;
			files = (
				00F5960C2819993300C3D2C5 /* LaunchScreen.storyboard in Resources */,
				00F596092819993300C3D2C5 /* Assets.xcassets in Resources */,
				00F596072819993200C3D2C5 /* Main.storyboard in Resources */,
			);
			runOnlyForDeploymentPostprocessing = 0;
		};
		00F596102819993300C3D2C5 /* Resources */ = {
			isa = PBXResourcesBuildPhase;
			buildActionMask = 2147483647;
			files = (
			);
			runOnlyForDeploymentPostprocessing = 0;
		};
		00F5961A2819993300C3D2C5 /* Resources */ = {
			isa = PBXResourcesBuildPhase;
			buildActionMask = 2147483647;
			files = (
			);
			runOnlyForDeploymentPostprocessing = 0;
		};
/* End PBXResourcesBuildPhase section */

/* Begin PBXSourcesBuildPhase section */
		00F595F82819993200C3D2C5 /* Sources */ = {
			isa = PBXSourcesBuildPhase;
			buildActionMask = 2147483647;
			files = (
				00F596042819993200C3D2C5 /* ViewController.swift in Sources */,
				00F596002819993200C3D2C5 /* AppDelegate.swift in Sources */,
				00F596022819993200C3D2C5 /* SceneDelegate.swift in Sources */,
			);
			runOnlyForDeploymentPostprocessing = 0;
		};
		00F5960E2819993300C3D2C5 /* Sources */ = {
			isa = PBXSourcesBuildPhase;
			buildActionMask = 2147483647;
			files = (
				00F596172819993300C3D2C5 /* Mealert___NC1Tests.swift in Sources */,
			);
			runOnlyForDeploymentPostprocessing = 0;
		};
		00F596182819993300C3D2C5 /* Sources */ = {
			isa = PBXSourcesBuildPhase;
			buildActionMask = 2147483647;
			files = (
				00F596232819993300C3D2C5 /* Mealert___NC1UITestsLaunchTests.swift in Sources */,
				00F596212819993300C3D2C5 /* Mealert___NC1UITests.swift in Sources */,
			);
			runOnlyForDeploymentPostprocessing = 0;
		};
/* End PBXSourcesBuildPhase section */

/* Begin PBXTargetDependency section */
		00F596142819993300C3D2C5 /* PBXTargetDependency */ = {
			isa = PBXTargetDependency;
			target = 00F595FB2819993200C3D2C5 /* Mealert - NC1 */;
			targetProxy = 00F596132819993300C3D2C5 /* PBXContainerItemProxy */;
		};
		00F5961E2819993300C3D2C5 /* PBXTargetDependency */ = {
			isa = PBXTargetDependency;
			target = 00F595FB2819993200C3D2C5 /* Mealert - NC1 */;
			targetProxy = 00F5961D2819993300C3D2C5 /* PBXContainerItemProxy */;
		};
/* End PBXTargetDependency section */

/* Begin PBXVariantGroup section */
		00F596052819993200C3D2C5 /* Main.storyboard */ = {
			isa = PBXVariantGroup;
			children = (
				00F596062819993200C3D2C5 /* Base */,
			);
			name = Main.storyboard;
			sourceTree = "<group>";
		};
		00F5960A2819993300C3D2C5 /* LaunchScreen.storyboard */ = {
			isa = PBXVariantGroup;
			children = (
				00F5960B2819993300C3D2C5 /* Base */,
			);
			name = LaunchScreen.storyboard;
			sourceTree = "<group>";
		};
/* End PBXVariantGroup section */

/* Begin XCBuildConfiguration section */
		00F596242819993300C3D2C5 /* Debug */ = {
			isa = XCBuildConfiguration;
			buildSettings = {
				ALWAYS_SEARCH_USER_PATHS = NO;
				CLANG_ANALYZER_NONNULL = YES;
				CLANG_ANALYZER_NUMBER_OBJECT_CONVERSION = YES_AGGRESSIVE;
				CLANG_CXX_LANGUAGE_STANDARD = "gnu++17";
				CLANG_ENABLE_MODULES = YES;
				CLANG_ENABLE_OBJC_ARC = YES;
				CLANG_ENABLE_OBJC_WEAK = YES;
				CLANG_WARN_BLOCK_CAPTURE_AUTORELEASING = YES;
				CLANG_WARN_BOOL_CONVERSION = YES;
				CLANG_WARN_COMMA = YES;
				CLANG_WARN_CONSTANT_CONVERSION = YES;
				CLANG_WARN_DEPRECATED_OBJC_IMPLEMENTATIONS = YES;
				CLANG_WARN_DIRECT_OBJC_ISA_USAGE = YES_ERROR;
				CLANG_WARN_DOCUMENTATION_COMMENTS = YES;
				CLANG_WARN_EMPTY_BODY = YES;
				CLANG_WARN_ENUM_CONVERSION = YES;
				CLANG_WARN_INFINITE_RECURSION = YES;
				CLANG_WARN_INT_CONVERSION = YES;
				CLANG_WARN_NON_LITERAL_NULL_CONVERSION = YES;
				CLANG_WARN_OBJC_IMPLICIT_RETAIN_SELF = YES;
				CLANG_WARN_OBJC_LITERAL_CONVERSION = YES;
				CLANG_WARN_OBJC_ROOT_CLASS = YES_ERROR;
				CLANG_WARN_QUOTED_INCLUDE_IN_FRAMEWORK_HEADER = YES;
				CLANG_WARN_RANGE_LOOP_ANALYSIS = YES;
				CLANG_WARN_STRICT_PROTOTYPES = YES;
				CLANG_WARN_SUSPICIOUS_MOVE = YES;
				CLANG_WARN_UNGUARDED_AVAILABILITY = YES_AGGRESSIVE;
				CLANG_WARN_UNREACHABLE_CODE = YES;
				CLANG_WARN__DUPLICATE_METHOD_MATCH = YES;
				COPY_PHASE_STRIP = NO;
				DEBUG_INFORMATION_FORMAT = dwarf;
				ENABLE_STRICT_OBJC_MSGSEND = YES;
				ENABLE_TESTABILITY = YES;
				GCC_C_LANGUAGE_STANDARD = gnu11;
				GCC_DYNAMIC_NO_PIC = NO;
				GCC_NO_COMMON_BLOCKS = YES;
				GCC_OPTIMIZATION_LEVEL = 0;
				GCC_PREPROCESSOR_DEFINITIONS = (
					"DEBUG=1",
					"$(inherited)",
				);
				GCC_WARN_64_TO_32_BIT_CONVERSION = YES;
				GCC_WARN_ABOUT_RETURN_TYPE = YES_ERROR;
				GCC_WARN_UNDECLARED_SELECTOR = YES;
				GCC_WARN_UNINITIALIZED_AUTOS = YES_AGGRESSIVE;
				GCC_WARN_UNUSED_FUNCTION = YES;
				GCC_WARN_UNUSED_VARIABLE = YES;
				IPHONEOS_DEPLOYMENT_TARGET = 15.4;
				MTL_ENABLE_DEBUG_INFO = INCLUDE_SOURCE;
				MTL_FAST_MATH = YES;
				ONLY_ACTIVE_ARCH = YES;
				SDKROOT = iphoneos;
				SWIFT_ACTIVE_COMPILATION_CONDITIONS = DEBUG;
				SWIFT_OPTIMIZATION_LEVEL = "-Onone";
			};
			name = Debug;
		};
		00F596252819993300C3D2C5 /* Release */ = {
			isa = XCBuildConfiguration;
			buildSettings = {
				ALWAYS_SEARCH_USER_PATHS = NO;
				CLANG_ANALYZER_NONNULL = YES;
				CLANG_ANALYZER_NUMBER_OBJECT_CONVERSION = YES_AGGRESSIVE;
				CLANG_CXX_LANGUAGE_STANDARD = "gnu++17";
				CLANG_ENABLE_MODULES = YES;
				CLANG_ENABLE_OBJC_ARC = YES;
				CLANG_ENABLE_OBJC_WEAK = YES;
				CLANG_WARN_BLOCK_CAPTURE_AUTORELEASING = YES;
				CLANG_WARN_BOOL_CONVERSION = YES;
				CLANG_WARN_COMMA = YES;
				CLANG_WARN_CONSTANT_CONVERSION = YES;
				CLANG_WARN_DEPRECATED_OBJC_IMPLEMENTATIONS = YES;
				CLANG_WARN_DIRECT_OBJC_ISA_USAGE = YES_ERROR;
				CLANG_WARN_DOCUMENTATION_COMMENTS = YES;
				CLANG_WARN_EMPTY_BODY = YES;
				CLANG_WARN_ENUM_CONVERSION = YES;
				CLANG_WARN_INFINITE_RECURSION = YES;
				CLANG_WARN_INT_CONVERSION = YES;
				CLANG_WARN_NON_LITERAL_NULL_CONVERSION = YES;
				CLANG_WARN_OBJC_IMPLICIT_RETAIN_SELF = YES;
				CLANG_WARN_OBJC_LITERAL_CONVERSION = YES;
				CLANG_WARN_OBJC_ROOT_CLASS = YES_ERROR;
				CLANG_WARN_QUOTED_INCLUDE_IN_FRAMEWORK_HEADER = YES;
				CLANG_WARN_RANGE_LOOP_ANALYSIS = YES;
				CLANG_WARN_STRICT_PROTOTYPES = YES;
				CLANG_WARN_SUSPICIOUS_MOVE = YES;
				CLANG_WARN_UNGUARDED_AVAILABILITY = YES_AGGRESSIVE;
				CLANG_WARN_UNREACHABLE_CODE = YES;
				CLANG_WARN__DUPLICATE_METHOD_MATCH = YES;
				COPY_PHASE_STRIP = NO;
				DEBUG_INFORMATION_FORMAT = "dwarf-with-dsym";
				ENABLE_NS_ASSERTIONS = NO;
				ENABLE_STRICT_OBJC_MSGSEND = YES;
				GCC_C_LANGUAGE_STANDARD = gnu11;
				GCC_NO_COMMON_BLOCKS = YES;
				GCC_WARN_64_TO_32_BIT_CONVERSION = YES;
				GCC_WARN_ABOUT_RETURN_TYPE = YES_ERROR;
				GCC_WARN_UNDECLARED_SELECTOR = YES;
				GCC_WARN_UNINITIALIZED_AUTOS = YES_AGGRESSIVE;
				GCC_WARN_UNUSED_FUNCTION = YES;
				GCC_WARN_UNUSED_VARIABLE = YES;
				IPHONEOS_DEPLOYMENT_TARGET = 15.4;
				MTL_ENABLE_DEBUG_INFO = NO;
				MTL_FAST_MATH = YES;
				SDKROOT = iphoneos;
				SWIFT_COMPILATION_MODE = wholemodule;
				SWIFT_OPTIMIZATION_LEVEL = "-O";
				VALIDATE_PRODUCT = YES;
			};
			name = Release;
		};
		00F596272819993300C3D2C5 /* Debug */ = {
			isa = XCBuildConfiguration;
			buildSettings = {
				ASSETCATALOG_COMPILER_APPICON_NAME = AppIcon;
				ASSETCATALOG_COMPILER_GLOBAL_ACCENT_COLOR_NAME = AccentColor;
				CODE_SIGN_STYLE = Automatic;
				CURRENT_PROJECT_VERSION = 1;
				DEVELOPMENT_TEAM = Y4YAT76M29;
				GENERATE_INFOPLIST_FILE = YES;
				INFOPLIST_FILE = "Mealert - NC1/Info.plist";
				INFOPLIST_KEY_UIApplicationSupportsIndirectInputEvents = YES;
				INFOPLIST_KEY_UILaunchStoryboardName = LaunchScreen;
				INFOPLIST_KEY_UIMainStoryboardFile = Main;
				INFOPLIST_KEY_UISupportedInterfaceOrientations_iPad = "UIInterfaceOrientationPortrait UIInterfaceOrientationPortraitUpsideDown UIInterfaceOrientationLandscapeLeft UIInterfaceOrientationLandscapeRight";
				INFOPLIST_KEY_UISupportedInterfaceOrientations_iPhone = "UIInterfaceOrientationPortrait UIInterfaceOrientationLandscapeLeft UIInterfaceOrientationLandscapeRight";
				LD_RUNPATH_SEARCH_PATHS = (
					"$(inherited)",
					"@executable_path/Frameworks",
				);
				MARKETING_VERSION = 1.0;
				PRODUCT_BUNDLE_IDENTIFIER = "mantap.Mealert---NC1";
				PRODUCT_NAME = "$(TARGET_NAME)";
				SWIFT_EMIT_LOC_STRINGS = YES;
				SWIFT_VERSION = 5.0;
				TARGETED_DEVICE_FAMILY = "1,2";
			};
			name = Debug;
		};
		00F596282819993300C3D2C5 /* Release */ = {
			isa = XCBuildConfiguration;
			buildSettings = {
				ASSETCATALOG_COMPILER_APPICON_NAME = AppIcon;
				ASSETCATALOG_COMPILER_GLOBAL_ACCENT_COLOR_NAME = AccentColor;
				CODE_SIGN_STYLE = Automatic;
				CURRENT_PROJECT_VERSION = 1;
				DEVELOPMENT_TEAM = Y4YAT76M29;
				GENERATE_INFOPLIST_FILE = YES;
				INFOPLIST_FILE = "Mealert - NC1/Info.plist";
				INFOPLIST_KEY_UIApplicationSupportsIndirectInputEvents = YES;
				INFOPLIST_KEY_UILaunchStoryboardName = LaunchScreen;
				INFOPLIST_KEY_UIMainStoryboardFile = Main;
				INFOPLIST_KEY_UISupportedInterfaceOrientations_iPad = "UIInterfaceOrientationPortrait UIInterfaceOrientationPortraitUpsideDown UIInterfaceOrientationLandscapeLeft UIInterfaceOrientationLandscapeRight";
				INFOPLIST_KEY_UISupportedInterfaceOrientations_iPhone = "UIInterfaceOrientationPortrait UIInterfaceOrientationLandscapeLeft UIInterfaceOrientationLandscapeRight";
				LD_RUNPATH_SEARCH_PATHS = (
					"$(inherited)",
					"@executable_path/Frameworks",
				);
				MARKETING_VERSION = 1.0;
				PRODUCT_BUNDLE_IDENTIFIER = "mantap.Mealert---NC1";
				PRODUCT_NAME = "$(TARGET_NAME)";
				SWIFT_EMIT_LOC_STRINGS = YES;
				SWIFT_VERSION = 5.0;
				TARGETED_DEVICE_FAMILY = "1,2";
			};
			name = Release;
		};
		00F5962A2819993300C3D2C5 /* Debug */ = {
			isa = XCBuildConfiguration;
			buildSettings = {
				ALWAYS_EMBED_SWIFT_STANDARD_LIBRARIES = YES;
				BUNDLE_LOADER = "$(TEST_HOST)";
				CODE_SIGN_STYLE = Automatic;
				CURRENT_PROJECT_VERSION = 1;
				DEVELOPMENT_TEAM = Y4YAT76M29;
				GENERATE_INFOPLIST_FILE = YES;
				IPHONEOS_DEPLOYMENT_TARGET = 15.4;
				MARKETING_VERSION = 1.0;
				PRODUCT_BUNDLE_IDENTIFIER = "mantap.Mealert---NC1Tests";
				PRODUCT_NAME = "$(TARGET_NAME)";
				SWIFT_EMIT_LOC_STRINGS = NO;
				SWIFT_VERSION = 5.0;
				TARGETED_DEVICE_FAMILY = "1,2";
				TEST_HOST = "$(BUILT_PRODUCTS_DIR)/Mealert - NC1.app/Mealert - NC1";
			};
			name = Debug;
		};
		00F5962B2819993300C3D2C5 /* Release */ = {
			isa = XCBuildConfiguration;
			buildSettings = {
				ALWAYS_EMBED_SWIFT_STANDARD_LIBRARIES = YES;
				BUNDLE_LOADER = "$(TEST_HOST)";
				CODE_SIGN_STYLE = Automatic;
				CURRENT_PROJECT_VERSION = 1;
				DEVELOPMENT_TEAM = Y4YAT76M29;
				GENERATE_INFOPLIST_FILE = YES;
				IPHONEOS_DEPLOYMENT_TARGET = 15.4;
				MARKETING_VERSION = 1.0;
				PRODUCT_BUNDLE_IDENTIFIER = "mantap.Mealert---NC1Tests";
				PRODUCT_NAME = "$(TARGET_NAME)";
				SWIFT_EMIT_LOC_STRINGS = NO;
				SWIFT_VERSION = 5.0;
				TARGETED_DEVICE_FAMILY = "1,2";
				TEST_HOST = "$(BUILT_PRODUCTS_DIR)/Mealert - NC1.app/Mealert - NC1";
			};
			name = Release;
		};
		00F5962D2819993300C3D2C5 /* Debug */ = {
			isa = XCBuildConfiguration;
			buildSettings = {
				ALWAYS_EMBED_SWIFT_STANDARD_LIBRARIES = YES;
				CODE_SIGN_STYLE = Automatic;
				CURRENT_PROJECT_VERSION = 1;
				DEVELOPMENT_TEAM = Y4YAT76M29;
				GENERATE_INFOPLIST_FILE = YES;
				MARKETING_VERSION = 1.0;
				PRODUCT_BUNDLE_IDENTIFIER = "mantap.Mealert---NC1UITests";
				PRODUCT_NAME = "$(TARGET_NAME)";
				SWIFT_EMIT_LOC_STRINGS = NO;
				SWIFT_VERSION = 5.0;
				TARGETED_DEVICE_FAMILY = "1,2";
				TEST_TARGET_NAME = "Mealert - NC1";
			};
			name = Debug;
		};
		00F5962E2819993300C3D2C5 /* Release */ = {
			isa = XCBuildConfiguration;
			buildSettings = {
				ALWAYS_EMBED_SWIFT_STANDARD_LIBRARIES = YES;
				CODE_SIGN_STYLE = Automatic;
				CURRENT_PROJECT_VERSION = 1;
				DEVELOPMENT_TEAM = Y4YAT76M29;
				GENERATE_INFOPLIST_FILE = YES;
				MARKETING_VERSION = 1.0;
				PRODUCT_BUNDLE_IDENTIFIER = "mantap.Mealert---NC1UITests";
				PRODUCT_NAME = "$(TARGET_NAME)";
				SWIFT_EMIT_LOC_STRINGS = NO;
				SWIFT_VERSION = 5.0;
				TARGETED_DEVICE_FAMILY = "1,2";
				TEST_TARGET_NAME = "Mealert - NC1";
			};
			name = Release;
		};
/* End XCBuildConfiguration section */

/* Begin XCConfigurationList section */
		00F595F72819993200C3D2C5 /* Build configuration list for PBXProject "Mealert - NC1" */ = {
			isa = XCConfigurationList;
			buildConfigurations = (
				00F596242819993300C3D2C5 /* Debug */,
				00F596252819993300C3D2C5 /* Release */,
			);
			defaultConfigurationIsVisible = 0;
			defaultConfigurationName = Release;
		};
		00F596262819993300C3D2C5 /* Build configuration list for PBXNativeTarget "Mealert - NC1" */ = {
			isa = XCConfigurationList;
			buildConfigurations = (
				00F596272819993300C3D2C5 /* Debug */,
				00F596282819993300C3D2C5 /* Release */,
			);
			defaultConfigurationIsVisible = 0;
			defaultConfigurationName = Release;
		};
		00F596292819993300C3D2C5 /* Build configuration list for PBXNativeTarget "Mealert - NC1Tests" */ = {
			isa = XCConfigurationList;
			buildConfigurations = (
				00F5962A2819993300C3D2C5 /* Debug */,
				00F5962B2819993300C3D2C5 /* Release */,
			);
			defaultConfigurationIsVisible = 0;
			defaultConfigurationName = Release;
		};
		00F5962C2819993300C3D2C5 /* Build configuration list for PBXNativeTarget "Mealert - NC1UITests" */ = {
			isa = XCConfigurationList;
			buildConfigurations = (
				00F5962D2819993300C3D2C5 /* Debug */,
				00F5962E2819993300C3D2C5 /* Release */,
			);
			defaultConfigurationIsVisible = 0;
			defaultConfigurationName = Release;
		};
/* End XCConfigurationList section */
	};
	rootObject = 00F595F42819993200C3D2C5 /* Project object */;
}
